
Microsoft Visual Studio Solution File, Format Version 12.00
# Visual Studio 2012
Project("{FAE04EC0-301F-11D3-BF4B-00C04F79EFBC}") = "DiscreteMathLab9_G", "DiscreteMathLab9_G\DiscreteMathLab9_G.csproj", "{15C7BB01-A7DE-497B-BEB6-BA3F5EF784B9}"
EndProject
Global
	GlobalSection(TeamFoundationVersionControl) = preSolution
		SccNumberOfProjects = 2
		SccEnterpriseProvider = {4CA58AB2-18FA-4F8D-95D4-32DDF27D184C}
		SccTeamFoundationServer = https://hotkey.visualstudio.com/defaultcollection
		SccLocalPath0 = .
		SccProjectUniqueName1 = DiscreteMathLab9_G\\DiscreteMathLab9_G.csproj
		SccProjectName1 = DiscreteMathLab9_G
		SccLocalPath1 = DiscreteMathLab9_G
	EndGlobalSection
	GlobalSection(SolutionConfigurationPlatforms) = preSolution
		Debug|Any CPU = Debug|Any CPU
		Release|Any CPU = Release|Any CPU
	EndGlobalSection
	GlobalSection(ProjectConfigurationPlatforms) = postSolution
		{15C7BB01-A7DE-497B-BEB6-BA3F5EF784B9}.Debug|Any CPU.ActiveCfg = Debug|Any CPU
		{15C7BB01-A7DE-497B-BEB6-BA3F5EF784B9}.Debug|Any CPU.Build.0 = Debug|Any CPU
		{15C7BB01-A7DE-497B-BEB6-BA3F5EF784B9}.Release|Any CPU.ActiveCfg = Release|Any CPU
		{15C7BB01-A7DE-497B-BEB6-BA3F5EF784B9}.Release|Any CPU.Build.0 = Release|Any CPU
	EndGlobalSection
	GlobalSection(SolutionProperties) = preSolution
		HideSolutionNode = FALSE
	EndGlobalSection
EndGlobal
